
Microsoft Visual Studio Solution File, Format Version 12.00
# Visual Studio Version 16
VisualStudioVersion = 16.0.810.22
MinimumVisualStudioVersion = 10.0.40219.1
Project("{FAE04EC0-301F-11D3-BF4B-00C04F79EFBC}") = "0516", "0516\0516.csproj", "{4DFBC7D3-1F06-47A4-96F3-907F9A640774}"
EndProject
Global
	GlobalSection(SolutionConfigurationPlatforms) = preSolution
		Debug|Any CPU = Debug|Any CPU
		Release|Any CPU = Release|Any CPU
	EndGlobalSection
	GlobalSection(ProjectConfigurationPlatforms) = postSolution
		{4DFBC7D3-1F06-47A4-96F3-907F9A640774}.Debug|Any CPU.ActiveCfg = Debug|Any CPU
		{4DFBC7D3-1F06-47A4-96F3-907F9A640774}.Debug|Any CPU.Build.0 = Debug|Any CPU
		{4DFBC7D3-1F06-47A4-96F3-907F9A640774}.Release|Any CPU.ActiveCfg = Release|Any CPU
		{4DFBC7D3-1F06-47A4-96F3-907F9A640774}.Release|Any CPU.Build.0 = Release|Any CPU
	EndGlobalSection
	GlobalSection(SolutionProperties) = preSolution
		HideSolutionNode = FALSE
	EndGlobalSection
	GlobalSection(ExtensibilityGlobals) = postSolution
		SolutionGuid = {06887B20-FAD0-45BE-8C3A-9B840F1B5957}
	EndGlobalSection
EndGlobal
